
Microsoft Visual Studio Solution File, Format Version 12.00
# Visual Studio 15
VisualStudioVersion = 15.0.36001.139
MinimumVisualStudioVersion = 10.0.40219.1
Project("{FAE04EC0-301F-11D3-BF4B-00C04F79EFBC}") = "DBtools", "DBtools\DBtools.csproj", "{429CF7FE-FDDD-4143-8F2C-0A033611F948}"
EndProject
Project("{FAE04EC0-301F-11D3-BF4B-00C04F79EFBC}") = "Academy", "Academy\Academy.csproj", "{00BCD818-9AB0-44D0-9EB9-F9C239DDAD76}"
EndProject
Global
	GlobalSection(SolutionConfigurationPlatforms) = preSolution
		Debug|Any CPU = Debug|Any CPU
		Release|Any CPU = Release|Any CPU
	EndGlobalSection
	GlobalSection(ProjectConfigurationPlatforms) = postSolution
		{429CF7FE-FDDD-4143-8F2C-0A033611F948}.Debug|Any CPU.ActiveCfg = Debug|Any CPU
		{429CF7FE-FDDD-4143-8F2C-0A033611F948}.Debug|Any CPU.Build.0 = Debug|Any CPU
		{429CF7FE-FDDD-4143-8F2C-0A033611F948}.Release|Any CPU.ActiveCfg = Release|Any CPU
		{429CF7FE-FDDD-4143-8F2C-0A033611F948}.Release|Any CPU.Build.0 = Release|Any CPU
		{00BCD818-9AB0-44D0-9EB9-F9C239DDAD76}.Debug|Any CPU.ActiveCfg = Debug|Any CPU
		{00BCD818-9AB0-44D0-9EB9-F9C239DDAD76}.Debug|Any CPU.Build.0 = Debug|Any CPU
		{00BCD818-9AB0-44D0-9EB9-F9C239DDAD76}.Release|Any CPU.ActiveCfg = Release|Any CPU
		{00BCD818-9AB0-44D0-9EB9-F9C239DDAD76}.Release|Any CPU.Build.0 = Release|Any CPU
	EndGlobalSection
	GlobalSection(SolutionProperties) = preSolution
		HideSolutionNode = FALSE
	EndGlobalSection
	GlobalSection(ExtensibilityGlobals) = postSolution
		SolutionGuid = {15FB51AD-FB25-451F-A692-197E23B7E406}
	EndGlobalSection
EndGlobal
